// !$*UTF8*$!
{
	archiveVersion = 1;
	classes = {
	};
	objectVersion = 56;
	objects = {

/* Begin PBXBuildFile section */
		372973962FA5EAD400A5CF8F /* style.css in Resources */ = {isa = PBXBuildFile; fileRef = 372973952FA5EAD400A5CF8F /* style.css */; };
		376EAEBD2FA5E55900E982E7 /* jquery-ui.css in Resources */ = {isa = PBXBuildFile; fileRef = 376EAEB42FA5E55900E982E7 /* jquery-ui.css */; };
		376EAEC12FA5E55900E982E7 /* jquery.js in Resources */ = {isa = PBXBuildFile; fileRef = 376EAEB32FA5E55900E982E7 /* jquery.js */; };
		376EAEC32FA5E55900E982E7 /* jquery-ui.js in Resources */ = {isa = PBXBuildFile; fileRef = 376EAEB52FA5E55900E982E7 /* jquery-ui.js */; };
		A10000000000000000000040 /* main.swift in Sources */ = {isa = PBXBuildFile; fileRef = A10000000000000000000010 /* main.swift */; };
		A10000000000000000000041 /* PreviewProvider.swift in Sources */ = {isa = PBXBuildFile; fileRef = A10000000000000000000012 /* PreviewProvider.swift */; };
		A10000000000000000000042 /* HexPreviewRenderer.swift in Sources */ = {isa = PBXBuildFile; fileRef = A10000000000000000000013 /* HexPreviewRenderer.swift */; };
		A10000000000000000000043 /* Template.swift in Sources */ = {isa = PBXBuildFile; fileRef = A10000000000000000000014 /* Template.swift */; };
		A10000000000000000000044 /* template.dhtml in Resources */ = {isa = PBXBuildFile; fileRef = A10000000000000000000017 /* template.dhtml */; };
		A10000000000000000000049 /* AppKit.framework in Frameworks */ = {isa = PBXBuildFile; fileRef = A1000000000000000000001E /* AppKit.framework */; };
		A1000000000000000000004A /* QuickLookUI.framework in Frameworks */ = {isa = PBXBuildFile; fileRef = A1000000000000000000001F /* QuickLookUI.framework */; };
		A1000000000000000000004B /* UniformTypeIdentifiers.framework in Frameworks */ = {isa = PBXBuildFile; fileRef = A10000000000000000000020 /* UniformTypeIdentifiers.framework */; };
		A1000000000000000000004C /* HexQLPreviewExtension.appex in Embed App Extensions */ = {isa = PBXBuildFile; fileRef = A1000000000000000000001D /* HexQLPreviewExtension.appex */; settings = {ATTRIBUTES = (CodeSignOnCopy, RemoveHeadersOnCopy, ); }; };
/* End PBXBuildFile section */

/* Begin PBXContainerItemProxy section */
		A10000000000000000000060 /* PBXContainerItemProxy */ = {
			isa = PBXContainerItemProxy;
			containerPortal = A10000000000000000000070 /* Project object */;
			proxyType = 1;
			remoteGlobalIDString = A10000000000000000000031;
			remoteInfo = HexQLPreviewExtension;
		};
/* End PBXContainerItemProxy section */

/* Begin PBXCopyFilesBuildPhase section */
		A10000000000000000000053 /* Embed App Extensions */ = {
			isa = PBXCopyFilesBuildPhase;
			buildActionMask = 2147483647;
			dstPath = "";
			dstSubfolderSpec = 13;
			files = (
				A1000000000000000000004C /* HexQLPreviewExtension.appex in Embed App Extensions */,
			);
			name = "Embed App Extensions";
			runOnlyForDeploymentPostprocessing = 0;
		};
/* End PBXCopyFilesBuildPhase section */

/* Begin PBXFileReference section */
		372973952FA5EAD400A5CF8F /* style.css */ = {isa = PBXFileReference; lastKnownFileType = text.css; path = style.css; sourceTree = "<group>"; };
		376EAEB32FA5E55900E982E7 /* jquery.js */ = {isa = PBXFileReference; lastKnownFileType = sourcecode.javascript; path = jquery.js; sourceTree = "<group>"; };
		376EAEB42FA5E55900E982E7 /* jquery-ui.css */ = {isa = PBXFileReference; lastKnownFileType = text.css; path = "jquery-ui.css"; sourceTree = "<group>"; };
		376EAEB52FA5E55900E982E7 /* jquery-ui.js */ = {isa = PBXFileReference; lastKnownFileType = sourcecode.javascript; path = "jquery-ui.js"; sourceTree = "<group>"; };
		A10000000000000000000010 /* main.swift */ = {isa = PBXFileReference; lastKnownFileType = sourcecode.swift; path = main.swift; sourceTree = "<group>"; };
		A10000000000000000000011 /* Info.plist */ = {isa = PBXFileReference; lastKnownFileType = text.plist.xml; path = Info.plist; sourceTree = "<group>"; };
		A10000000000000000000012 /* PreviewProvider.swift */ = {isa = PBXFileReference; lastKnownFileType = sourcecode.swift; path = PreviewProvider.swift; sourceTree = "<group>"; };
		A10000000000000000000013 /* HexPreviewRenderer.swift */ = {isa = PBXFileReference; lastKnownFileType = sourcecode.swift; path = HexPreviewRenderer.swift; sourceTree = "<group>"; };
		A10000000000000000000014 /* Template.swift */ = {isa = PBXFileReference; lastKnownFileType = sourcecode.swift; path = Template.swift; sourceTree = "<group>"; };
		A10000000000000000000015 /* Info.plist */ = {isa = PBXFileReference; lastKnownFileType = text.plist.xml; path = Info.plist; sourceTree = "<group>"; };
		A10000000000000000000016 /* HexQLPreviewExtension.entitlements */ = {isa = PBXFileReference; lastKnownFileType = text.plist.entitlements; path = HexQLPreviewExtension.entitlements; sourceTree = "<group>"; };
		A10000000000000000000017 /* template.dhtml */ = {isa = PBXFileReference; lastKnownFileType = text.html; path = template.dhtml; sourceTree = "<group>"; };
		A1000000000000000000001C /* HexQL.app */ = {isa = PBXFileReference; explicitFileType = wrapper.application; includeInIndex = 0; path = HexQL.app; sourceTree = BUILT_PRODUCTS_DIR; };
		A1000000000000000000001D /* HexQLPreviewExtension.appex */ = {isa = PBXFileReference; explicitFileType = "wrapper.app-extension"; includeInIndex = 0; path = HexQLPreviewExtension.appex; sourceTree = BUILT_PRODUCTS_DIR; };
		A1000000000000000000001E /* AppKit.framework */ = {isa = PBXFileReference; lastKnownFileType = wrapper.framework; name = AppKit.framework; path = System/Library/Frameworks/AppKit.framework; sourceTree = SDKROOT; };
		A1000000000000000000001F /* QuickLookUI.framework */ = {isa = PBXFileReference; lastKnownFileType = wrapper.framework; name = QuickLookUI.framework; path = System/Library/Frameworks/QuickLookUI.framework; sourceTree = SDKROOT; };
		A10000000000000000000020 /* UniformTypeIdentifiers.framework */ = {isa = PBXFileReference; lastKnownFileType = wrapper.framework; name = UniformTypeIdentifiers.framework; path = System/Library/Frameworks/UniformTypeIdentifiers.framework; sourceTree = SDKROOT; };
/* End PBXFileReference section */

/* Begin PBXFrameworksBuildPhase section */
		A10000000000000000000051 /* Frameworks */ = {
			isa = PBXFrameworksBuildPhase;
			buildActionMask = 2147483647;
			files = (
				A10000000000000000000049 /* AppKit.framework in Frameworks */,
			);
			runOnlyForDeploymentPostprocessing = 0;
		};
		A10000000000000000000055 /* Frameworks */ = {
			isa = PBXFrameworksBuildPhase;
			buildActionMask = 2147483647;
			files = (
				A1000000000000000000004A /* QuickLookUI.framework in Frameworks */,
				A1000000000000000000004B /* UniformTypeIdentifiers.framework in Frameworks */,
			);
			runOnlyForDeploymentPostprocessing = 0;
		};
/* End PBXFrameworksBuildPhase section */

/* Begin PBXGroup section */
		A10000000000000000000001 = {
			isa = PBXGroup;
			children = (
				A10000000000000000000005 /* HexQLApp */,
				A10000000000000000000006 /* HexQLPreviewExtension */,
				A10000000000000000000004 /* Preview Resources */,
				A10000000000000000000003 /* Frameworks */,
				A10000000000000000000002 /* Products */,
			);
			sourceTree = "<group>";
		};
		A10000000000000000000002 /* Products */ = {
			isa = PBXGroup;
			children = (
				A1000000000000000000001C /* HexQL.app */,
				A1000000000000000000001D /* HexQLPreviewExtension.appex */,
			);
			name = Products;
			sourceTree = "<group>";
		};
		A10000000000000000000003 /* Frameworks */ = {
			isa = PBXGroup;
			children = (
				A1000000000000000000001E /* AppKit.framework */,
				A1000000000000000000001F /* QuickLookUI.framework */,
				A10000000000000000000020 /* UniformTypeIdentifiers.framework */,
			);
			name = Frameworks;
			sourceTree = "<group>";
		};
		A10000000000000000000004 /* Preview Resources */ = {
			isa = PBXGroup;
			children = (
				A10000000000000000000017 /* template.dhtml */,
				376EAEB32FA5E55900E982E7 /* jquery.js */,
				376EAEB42FA5E55900E982E7 /* jquery-ui.css */,
				376EAEB52FA5E55900E982E7 /* jquery-ui.js */,
				372973952FA5EAD400A5CF8F /* style.css */,
			);
			name = "Preview Resources";
			sourceTree = "<group>";
		};
		A10000000000000000000005 /* HexQLApp */ = {
			isa = PBXGroup;
			children = (
				A10000000000000000000010 /* main.swift */,
				A10000000000000000000011 /* Info.plist */,
			);
			path = HexQLApp;
			sourceTree = "<group>";
		};
		A10000000000000000000006 /* HexQLPreviewExtension */ = {
			isa = PBXGroup;
			children = (
				A10000000000000000000012 /* PreviewProvider.swift */,
				A10000000000000000000013 /* HexPreviewRenderer.swift */,
				A10000000000000000000014 /* Template.swift */,
				A10000000000000000000015 /* Info.plist */,
				A10000000000000000000016 /* HexQLPreviewExtension.entitlements */,
			);
			path = HexQLPreviewExtension;
			sourceTree = "<group>";
		};
/* End PBXGroup section */

/* Begin PBXNativeTarget section */
		A10000000000000000000021 /* HexQLApp */ = {
			isa = PBXNativeTarget;
			buildConfigurationList = A10000000000000000000085 /* Build configuration list for PBXNativeTarget "HexQLApp" */;
			buildPhases = (
				A10000000000000000000050 /* Sources */,
				A10000000000000000000051 /* Frameworks */,
				A10000000000000000000052 /* Resources */,
				A10000000000000000000053 /* Embed App Extensions */,
			);
			buildRules = (
			);
			dependencies = (
				A10000000000000000000061 /* PBXTargetDependency */,
			);
			name = HexQLApp;
			productName = HexQL;
			productReference = A1000000000000000000001C /* HexQL.app */;
			productType = "com.apple.product-type.application";
		};
		A10000000000000000000031 /* HexQLPreviewExtension */ = {
			isa = PBXNativeTarget;
			buildConfigurationList = A10000000000000000000088 /* Build configuration list for PBXNativeTarget "HexQLPreviewExtension" */;
			buildPhases = (
				A10000000000000000000054 /* Sources */,
				A10000000000000000000055 /* Frameworks */,
				A10000000000000000000056 /* Resources */,
			);
			buildRules = (
			);
			dependencies = (
			);
			name = HexQLPreviewExtension;
			productName = HexQLPreviewExtension;
			productReference = A1000000000000000000001D /* HexQLPreviewExtension.appex */;
			productType = "com.apple.product-type.app-extension";
		};
/* End PBXNativeTarget section */

/* Begin PBXProject section */
		A10000000000000000000070 /* Project object */ = {
			isa = PBXProject;
			attributes = {
				BuildIndependentTargetsInParallel = YES;
				LastSwiftUpdateCheck = 2600;
				LastUpgradeCheck = 2600;
				TargetAttributes = {
					A10000000000000000000021 = {
						CreatedOnToolsVersion = 26.0;
					};
					A10000000000000000000031 = {
						CreatedOnToolsVersion = 26.0;
					};
				};
			};
			buildConfigurationList = A10000000000000000000082 /* Build configuration list for PBXProject "HexQL" */;
			compatibilityVersion = "Xcode 14.0";
			developmentRegion = en;
			hasScannedForEncodings = 0;
			knownRegions = (
				en,
				Base,
			);
			mainGroup = A10000000000000000000001;
			productRefGroup = A10000000000000000000002 /* Products */;
			projectDirPath = "";
			projectRoot = "";
			targets = (
				A10000000000000000000021 /* HexQLApp */,
				A10000000000000000000031 /* HexQLPreviewExtension */,
			);
		};
/* End PBXProject section */

/* Begin PBXResourcesBuildPhase section */
		A10000000000000000000052 /* Resources */ = {
			isa = PBXResourcesBuildPhase;
			buildActionMask = 2147483647;
			files = (
			);
			runOnlyForDeploymentPostprocessing = 0;
		};
		A10000000000000000000056 /* Resources */ = {
			isa = PBXResourcesBuildPhase;
			buildActionMask = 2147483647;
			files = (
				376EAEBD2FA5E55900E982E7 /* jquery-ui.css in Resources */,
				376EAEC12FA5E55900E982E7 /* jquery.js in Resources */,
				372973962FA5EAD400A5CF8F /* style.css in Resources */,
				376EAEC32FA5E55900E982E7 /* jquery-ui.js in Resources */,
				A10000000000000000000044 /* template.dhtml in Resources */,
			);
			runOnlyForDeploymentPostprocessing = 0;
		};
/* End PBXResourcesBuildPhase section */

/* Begin PBXSourcesBuildPhase section */
		A10000000000000000000050 /* Sources */ = {
			isa = PBXSourcesBuildPhase;
			buildActionMask = 2147483647;
			files = (
				A10000000000000000000040 /* main.swift in Sources */,
			);
			runOnlyForDeploymentPostprocessing = 0;
		};
		A10000000000000000000054 /* Sources */ = {
			isa = PBXSourcesBuildPhase;
			buildActionMask = 2147483647;
			files = (
				A10000000000000000000041 /* PreviewProvider.swift in Sources */,
				A10000000000000000000042 /* HexPreviewRenderer.swift in Sources */,
				A10000000000000000000043 /* Template.swift in Sources */,
			);
			runOnlyForDeploymentPostprocessing = 0;
		};
/* End PBXSourcesBuildPhase section */

/* Begin PBXTargetDependency section */
		A10000000000000000000061 /* PBXTargetDependency */ = {
			isa = PBXTargetDependency;
			target = A10000000000000000000031 /* HexQLPreviewExtension */;
			targetProxy = A10000000000000000000060 /* PBXContainerItemProxy */;
		};
/* End PBXTargetDependency section */

/* Begin XCBuildConfiguration section */
		A10000000000000000000080 /* Debug */ = {
			isa = XCBuildConfiguration;
			buildSettings = {
				ALWAYS_SEARCH_USER_PATHS = NO;
				CLANG_ANALYZER_NONNULL = YES;
				CLANG_ANALYZER_NUMBER_OBJECT_CONVERSION = YES_AGGRESSIVE;
				CLANG_CXX_LANGUAGE_STANDARD = "gnu++20";
				CLANG_ENABLE_MODULES = YES;
				CLANG_ENABLE_OBJC_ARC = YES;
				CLANG_ENABLE_OBJC_WEAK = YES;
				CLANG_WARN_BLOCK_CAPTURE_AUTORELEASING = YES;
				CLANG_WARN_BOOL_CONVERSION = YES;
				CLANG_WARN_COMMA = YES;
				CLANG_WARN_CONSTANT_CONVERSION = YES;
				CLANG_WARN_DEPRECATED_OBJC_IMPLEMENTATIONS = YES;
				CLANG_WARN_DIRECT_OBJC_ISA_USAGE = YES_ERROR;
				CLANG_WARN_DOCUMENTATION_COMMENTS = YES;
				CLANG_WARN_EMPTY_BODY = YES;
				CLANG_WARN_ENUM_CONVERSION = YES;
				CLANG_WARN_INFINITE_RECURSION = YES;
				CLANG_WARN_INT_CONVERSION = YES;
				CLANG_WARN_NON_LITERAL_NULL_CONVERSION = YES;
				CLANG_WARN_OBJC_IMPLICIT_RETAIN_SELF = YES;
				CLANG_WARN_OBJC_LITERAL_CONVERSION = YES;
				CLANG_WARN_OBJC_ROOT_CLASS = YES_ERROR;
				CLANG_WARN_QUOTED_INCLUDE_IN_FRAMEWORK_HEADER = YES;
				CLANG_WARN_RANGE_LOOP_ANALYSIS = YES;
				CLANG_WARN_STRICT_PROTOTYPES = YES;
				CLANG_WARN_SUSPICIOUS_MOVE = YES;
				CLANG_WARN_UNGUARDED_AVAILABILITY = YES_AGGRESSIVE;
				CLANG_WARN_UNREACHABLE_CODE = YES;
				CLANG_WARN__DUPLICATE_METHOD_MATCH = YES;
				COPY_PHASE_STRIP = NO;
				DEBUG_INFORMATION_FORMAT = dwarf;
				ENABLE_STRICT_OBJC_MSGSEND = YES;
				ENABLE_TESTABILITY = YES;
				GCC_C_LANGUAGE_STANDARD = gnu17;
				GCC_DYNAMIC_NO_PIC = NO;
				GCC_NO_COMMON_BLOCKS = YES;
				GCC_OPTIMIZATION_LEVEL = 0;
				GCC_PREPROCESSOR_DEFINITIONS = (
					"DEBUG=1",
					"$(inherited)",
				);
				GCC_WARN_64_TO_32_BIT_CONVERSION = YES;
				GCC_WARN_ABOUT_RETURN_TYPE = YES_ERROR;
				GCC_WARN_UNDECLARED_SELECTOR = YES;
				GCC_WARN_UNINITIALIZED_AUTOS = YES_AGGRESSIVE;
				GCC_WARN_UNUSED_FUNCTION = YES;
				GCC_WARN_UNUSED_VARIABLE = YES;
				MACOSX_DEPLOYMENT_TARGET = 12.0;
				MTL_ENABLE_DEBUG_INFO = INCLUDE_SOURCE;
				ONLY_ACTIVE_ARCH = YES;
				SDKROOT = macosx;
				SWIFT_ACTIVE_COMPILATION_CONDITIONS = DEBUG;
				SWIFT_OPTIMIZATION_LEVEL = "-Onone";
				SWIFT_VERSION = 5.0;
			};
			name = Debug;
		};
		A10000000000000000000081 /* Release */ = {
			isa = XCBuildConfiguration;
			buildSettings = {
				ALWAYS_SEARCH_USER_PATHS = NO;
				CLANG_ANALYZER_NONNULL = YES;
				CLANG_ANALYZER_NUMBER_OBJECT_CONVERSION = YES_AGGRESSIVE;
				CLANG_CXX_LANGUAGE_STANDARD = "gnu++20";
				CLANG_ENABLE_MODULES = YES;
				CLANG_ENABLE_OBJC_ARC = YES;
				CLANG_ENABLE_OBJC_WEAK = YES;
				CLANG_WARN_BLOCK_CAPTURE_AUTORELEASING = YES;
				CLANG_WARN_BOOL_CONVERSION = YES;
				CLANG_WARN_COMMA = YES;
				CLANG_WARN_CONSTANT_CONVERSION = YES;
				CLANG_WARN_DEPRECATED_OBJC_IMPLEMENTATIONS = YES;
				CLANG_WARN_DIRECT_OBJC_ISA_USAGE = YES_ERROR;
				CLANG_WARN_DOCUMENTATION_COMMENTS = YES;
				CLANG_WARN_EMPTY_BODY = YES;
				CLANG_WARN_ENUM_CONVERSION = YES;
				CLANG_WARN_INFINITE_RECURSION = YES;
				CLANG_WARN_INT_CONVERSION = YES;
				CLANG_WARN_NON_LITERAL_NULL_CONVERSION = YES;
				CLANG_WARN_OBJC_IMPLICIT_RETAIN_SELF = YES;
				CLANG_WARN_OBJC_LITERAL_CONVERSION = YES;
				CLANG_WARN_OBJC_ROOT_CLASS = YES_ERROR;
				CLANG_WARN_QUOTED_INCLUDE_IN_FRAMEWORK_HEADER = YES;
				CLANG_WARN_RANGE_LOOP_ANALYSIS = YES;
				CLANG_WARN_STRICT_PROTOTYPES = YES;
				CLANG_WARN_SUSPICIOUS_MOVE = YES;
				CLANG_WARN_UNGUARDED_AVAILABILITY = YES_AGGRESSIVE;
				CLANG_WARN_UNREACHABLE_CODE = YES;
				CLANG_WARN__DUPLICATE_METHOD_MATCH = YES;
				COPY_PHASE_STRIP = NO;
				DEBUG_INFORMATION_FORMAT = "dwarf-with-dsym";
				ENABLE_NS_ASSERTIONS = NO;
				ENABLE_STRICT_OBJC_MSGSEND = YES;
				GCC_C_LANGUAGE_STANDARD = gnu17;
				GCC_NO_COMMON_BLOCKS = YES;
				GCC_WARN_64_TO_32_BIT_CONVERSION = YES;
				GCC_WARN_ABOUT_RETURN_TYPE = YES_ERROR;
				GCC_WARN_UNDECLARED_SELECTOR = YES;
				GCC_WARN_UNINITIALIZED_AUTOS = YES_AGGRESSIVE;
				GCC_WARN_UNUSED_FUNCTION = YES;
				GCC_WARN_UNUSED_VARIABLE = YES;
				MACOSX_DEPLOYMENT_TARGET = 12.0;
				MTL_ENABLE_DEBUG_INFO = NO;
				SDKROOT = macosx;
				SWIFT_COMPILATION_MODE = wholemodule;
				SWIFT_OPTIMIZATION_LEVEL = "-O";
				SWIFT_VERSION = 5.0;
			};
			name = Release;
		};
		A10000000000000000000083 /* Debug */ = {
			isa = XCBuildConfiguration;
			buildSettings = {
				CODE_SIGN_IDENTITY = "-";
				CODE_SIGN_STYLE = Manual;
				COMBINE_HIDPI_IMAGES = YES;
				DEVELOPMENT_TEAM = "";
				INFOPLIST_FILE = HexQLApp/Info.plist;
				LD_RUNPATH_SEARCH_PATHS = (
					"$(inherited)",
					"@executable_path/../Frameworks",
				);
				PRODUCT_BUNDLE_IDENTIFIER = com.flopcode.hexql.app;
				PRODUCT_NAME = HexQL;
				SDKROOT = macosx;
				SKIP_INSTALL = NO;
				SUPPORTED_PLATFORMS = macosx;
				SWIFT_VERSION = 5.0;
			};
			name = Debug;
		};
		A10000000000000000000084 /* Release */ = {
			isa = XCBuildConfiguration;
			buildSettings = {
				CODE_SIGN_IDENTITY = "-";
				CODE_SIGN_STYLE = Manual;
				COMBINE_HIDPI_IMAGES = YES;
				DEVELOPMENT_TEAM = "";
				INFOPLIST_FILE = HexQLApp/Info.plist;
				LD_RUNPATH_SEARCH_PATHS = (
					"$(inherited)",
					"@executable_path/../Frameworks",
				);
				PRODUCT_BUNDLE_IDENTIFIER = com.flopcode.hexql.app;
				PRODUCT_NAME = HexQL;
				SDKROOT = macosx;
				SKIP_INSTALL = NO;
				SUPPORTED_PLATFORMS = macosx;
				SWIFT_VERSION = 5.0;
			};
			name = Release;
		};
		A10000000000000000000086 /* Debug */ = {
			isa = XCBuildConfiguration;
			buildSettings = {
				APPLICATION_EXTENSION_API_ONLY = YES;
				CODE_SIGN_ENTITLEMENTS = HexQLPreviewExtension/HexQLPreviewExtension.entitlements;
				CODE_SIGN_IDENTITY = "-";
				CODE_SIGN_STYLE = Manual;
				COMBINE_HIDPI_IMAGES = YES;
				DEVELOPMENT_TEAM = "";
				INFOPLIST_FILE = HexQLPreviewExtension/Info.plist;
				LD_RUNPATH_SEARCH_PATHS = (
					"$(inherited)",
					"@executable_path/../Frameworks",
					"@executable_path/../../../../Frameworks",
				);
				PRODUCT_BUNDLE_IDENTIFIER = "com.flopcode.hexql.app.preview-extension";
				PRODUCT_NAME = HexQLPreviewExtension;
				SDKROOT = macosx;
				SKIP_INSTALL = YES;
				SUPPORTED_PLATFORMS = macosx;
				SWIFT_VERSION = 5.0;
			};
			name = Debug;
		};
		A10000000000000000000087 /* Release */ = {
			isa = XCBuildConfiguration;
			buildSettings = {
				APPLICATION_EXTENSION_API_ONLY = YES;
				CODE_SIGN_ENTITLEMENTS = HexQLPreviewExtension/HexQLPreviewExtension.entitlements;
				CODE_SIGN_IDENTITY = "-";
				CODE_SIGN_STYLE = Manual;
				COMBINE_HIDPI_IMAGES = YES;
				DEVELOPMENT_TEAM = "";
				INFOPLIST_FILE = HexQLPreviewExtension/Info.plist;
				LD_RUNPATH_SEARCH_PATHS = (
					"$(inherited)",
					"@executable_path/../Frameworks",
					"@executable_path/../../../../Frameworks",
				);
				PRODUCT_BUNDLE_IDENTIFIER = "com.flopcode.hexql.app.preview-extension";
				PRODUCT_NAME = HexQLPreviewExtension;
				SDKROOT = macosx;
				SKIP_INSTALL = YES;
				SUPPORTED_PLATFORMS = macosx;
				SWIFT_VERSION = 5.0;
			};
			name = Release;
		};
/* End XCBuildConfiguration section */

/* Begin XCConfigurationList section */
		A10000000000000000000082 /* Build configuration list for PBXProject "HexQL" */ = {
			isa = XCConfigurationList;
			buildConfigurations = (
				A10000000000000000000080 /* Debug */,
				A10000000000000000000081 /* Release */,
			);
			defaultConfigurationIsVisible = 0;
			defaultConfigurationName = Release;
		};
		A10000000000000000000085 /* Build configuration list for PBXNativeTarget "HexQLApp" */ = {
			isa = XCConfigurationList;
			buildConfigurations = (
				A10000000000000000000083 /* Debug */,
				A10000000000000000000084 /* Release */,
			);
			defaultConfigurationIsVisible = 0;
			defaultConfigurationName = Release;
		};
		A10000000000000000000088 /* Build configuration list for PBXNativeTarget "HexQLPreviewExtension" */ = {
			isa = XCConfigurationList;
			buildConfigurations = (
				A10000000000000000000086 /* Debug */,
				A10000000000000000000087 /* Release */,
			);
			defaultConfigurationIsVisible = 0;
			defaultConfigurationName = Release;
		};
/* End XCConfigurationList section */
	};
	rootObject = A10000000000000000000070 /* Project object */;
}
